
Microsoft Visual Studio Solution File, Format Version 12.00
# Visual Studio Version 17
VisualStudioVersion = 17.6.33829.357
MinimumVisualStudioVersion = 10.0.40219.1
Project("{9A19103F-16F7-4668-BE54-9A1E7A4F7556}") = "online-shop", "online-shop\online-shop.csproj", "{3D7EAD6E-E130-4F9A-A58A-CED475412699}"
EndProject
Project("{FAE04EC0-301F-11D3-BF4B-00C04F79EFBC}") = "Domain", "Domain\Domain.csproj", "{A98882B6-0374-4F0A-936B-743CC48C2220}"
EndProject
Project("{FAE04EC0-301F-11D3-BF4B-00C04F79EFBC}") = "Infrastructure", "Infrastructure\Infrastructure.csproj", "{734ADC17-7C9D-46E3-92B4-B4A0C7B406BB}"
EndProject
Project("{FAE04EC0-301F-11D3-BF4B-00C04F79EFBC}") = "Application", "Application\Application.csproj", "{61B57A51-9285-4D54-8EA7-431F6CA7F46D}"
EndProject
Project("{2150E333-8FDC-42A3-9474-1A3956D46DE8}") = "Solution Items", "Solution Items", "{630E27AD-65E5-4E51-8F43-3A759A8153F5}"
	ProjectSection(SolutionItems) = preProject
		.gitignore = .gitignore
	EndProjectSection
EndProject
Global
	GlobalSection(SolutionConfigurationPlatforms) = preSolution
		Debug|Any CPU = Debug|Any CPU
		Release|Any CPU = Release|Any CPU
	EndGlobalSection
	GlobalSection(ProjectConfigurationPlatforms) = postSolution
		{3D7EAD6E-E130-4F9A-A58A-CED475412699}.Debug|Any CPU.ActiveCfg = Debug|Any CPU
		{3D7EAD6E-E130-4F9A-A58A-CED475412699}.Debug|Any CPU.Build.0 = Debug|Any CPU
		{3D7EAD6E-E130-4F9A-A58A-CED475412699}.Release|Any CPU.ActiveCfg = Release|Any CPU
		{3D7EAD6E-E130-4F9A-A58A-CED475412699}.Release|Any CPU.Build.0 = Release|Any CPU
		{A98882B6-0374-4F0A-936B-743CC48C2220}.Debug|Any CPU.ActiveCfg = Debug|Any CPU
		{A98882B6-0374-4F0A-936B-743CC48C2220}.Debug|Any CPU.Build.0 = Debug|Any CPU
		{A98882B6-0374-4F0A-936B-743CC48C2220}.Release|Any CPU.ActiveCfg = Release|Any CPU
		{A98882B6-0374-4F0A-936B-743CC48C2220}.Release|Any CPU.Build.0 = Release|Any CPU
		{734ADC17-7C9D-46E3-92B4-B4A0C7B406BB}.Debug|Any CPU.ActiveCfg = Debug|Any CPU
		{734ADC17-7C9D-46E3-92B4-B4A0C7B406BB}.Debug|Any CPU.Build.0 = Debug|Any CPU
		{734ADC17-7C9D-46E3-92B4-B4A0C7B406BB}.Release|Any CPU.ActiveCfg = Release|Any CPU
		{734ADC17-7C9D-46E3-92B4-B4A0C7B406BB}.Release|Any CPU.Build.0 = Release|Any CPU
		{61B57A51-9285-4D54-8EA7-431F6CA7F46D}.Debug|Any CPU.ActiveCfg = Debug|Any CPU
		{61B57A51-9285-4D54-8EA7-431F6CA7F46D}.Debug|Any CPU.Build.0 = Debug|Any CPU
		{61B57A51-9285-4D54-8EA7-431F6CA7F46D}.Release|Any CPU.ActiveCfg = Release|Any CPU
		{61B57A51-9285-4D54-8EA7-431F6CA7F46D}.Release|Any CPU.Build.0 = Release|Any CPU
	EndGlobalSection
	GlobalSection(SolutionProperties) = preSolution
		HideSolutionNode = FALSE
	EndGlobalSection
	GlobalSection(ExtensibilityGlobals) = postSolution
		SolutionGuid = {67010B0F-7FD2-4519-BA66-A87DAEE16916}
	EndGlobalSection
EndGlobal
